Microsoft Visual Studio Solution File, Format Version 12.00
# Visual Studio Version 17
VisualStudioVersion = 17.4.33103.184
MinimumVisualStudioVersion = 10.0.40219.1
Project("{9A19103F-16F7-4668-BE54-9A1E7A4F7556}") = "NappiSite.EasyCache", "NappiSite.EasyCache\NappiSite.EasyCache.csproj", "{C35CACC9-06E9-46A5-A962-CAE926584670}"
EndProject
Project("{9A19103F-16F7-4668-BE54-9A1E7A4F7556}") = "NappiSite.EasyCache.Tests", "NappiSite.EasyCache.Tests\NappiSite.EasyCache.Tests.csproj", "{BA5F1937-777B-4F2C-AA07-A39B14715ADE}"
EndProject
Project("{2150E333-8FDC-42A3-9474-1A3956D46DE8}") = "SolutionItems", "SolutionItems", "{63FA1037-CF83-4292-B2BE-137A04C2EE3E}"
	ProjectSection(SolutionItems) = preProject
		build.ps1 = build.ps1
		README.md = README.md
	EndProjectSection
EndProject
Global
	GlobalSection(SolutionConfigurationPlatforms) = preSolution
		Debug|Any CPU = Debug|Any CPU
		Release|Any CPU = Release|Any CPU
	EndGlobalSection
	GlobalSection(ProjectConfigurationPlatforms) = postSolution
		{C35CACC9-06E9-46A5-A962-CAE926584670}.Debug|Any CPU.ActiveCfg = Debug|Any CPU
		{C35CACC9-06E9-46A5-A962-CAE926584670}.Debug|Any CPU.Build.0 = Debug|Any CPU
		{C35CACC9-06E9-46A5-A962-CAE926584670}.Release|Any CPU.ActiveCfg = Release|Any CPU
		{C35CACC9-06E9-46A5-A962-CAE926584670}.Release|Any CPU.Build.0 = Release|Any CPU
		{BA5F1937-777B-4F2C-AA07-A39B14715ADE}.Debug|Any CPU.ActiveCfg = Debug|Any CPU
		{BA5F1937-777B-4F2C-AA07-A39B14715ADE}.Debug|Any CPU.Build.0 = Debug|Any CPU
		{BA5F1937-777B-4F2C-AA07-A39B14715ADE}.Release|Any CPU.ActiveCfg = Release|Any CPU
		{BA5F1937-777B-4F2C-AA07-A39B14715ADE}.Release|Any CPU.Build.0 = Release|Any CPU
	EndGlobalSection
	GlobalSection(SolutionProperties) = preSolution
		HideSolutionNode = FALSE
	EndGlobalSection
	GlobalSection(ExtensibilityGlobals) = postSolution
		SolutionGuid = {3C2FCD8D-C2A2-49C1-B773-C6F77B65EC3D}
	EndGlobalSection
EndGlobal
